# Exact, hash-locked wheel set resolved for CPython 3.14 on:
# - Windows x86-64
# - Linux x86-64 (manylinux 2.17 / glibc 2.17 or newer)
# - macOS 11 or newer on arm64
#
# Pure-Python wheels have one hash. Compiled dependencies list the reviewed
# wheel hash for each supported platform. Pip selects the compatible artifact
# and fails closed on an unlisted interpreter, platform, or wheel hash.
--only-binary=:all:
--require-hashes

annotated-types==0.8.0 \
    --hash=sha256:f072f4d804ea359e4eaf198b1af7a8b0943881a87f31bb764f8bf219bb9419e0
attrs==26.1.0 \
    --hash=sha256:c647aa4a12dfbad9333ca4e71fe62ddc36f4e63b2d260a37a8b83d2f043ac309
jsonschema==4.26.0 \
    --hash=sha256:d489f15263b8d200f8387e64b4c3a75f06629559fb73deb8fdfb525f2dab50ce
jsonschema-path==0.5.0 \
    --hash=sha256:2790a070bc7abb08ea3dbe4d340ece4efadf639223001f020c7503229ba068e2
jsonschema-specifications==2025.9.1 \
    --hash=sha256:98802fee3a11ee76ecaca44429fda8a41bff98b00a0f2838151b113f210cc6fe
lazy-object-proxy==1.11.0 \
    --hash=sha256:a56a5093d433341ff7da0e89f9b486031ccd222ec8e52ec84d0ec1cdc819674b
openapi-schema-validator==0.9.0 \
    --hash=sha256:faa3bbe7c3aa8ca2087ad83f709dc3b7d920283153a570c03e24ea182558aa25
openapi-spec-validator==0.9.0 \
    --hash=sha256:222fecffc7714f6d0a6ad62c0e4b66cc2b7dbfafb7b93acfc6c308abbdb51af8
pathable==0.6.0 \
    --hash=sha256:82c4ca6c98c502ad12e0d4e9779b6210afee93c38990988c8c5d1b49bdcdf566
pydantic==2.13.4 \
    --hash=sha256:45a282cde31d808236fd7ea9d919b128653c8b38b393d1c4ab335c62924d9aba
pydantic-core==2.46.4 \
    --hash=sha256:23ace664830ee0bfe014a0c7bc248b1f7f25ed7ad103852c317624a1083af462 \
    --hash=sha256:7a5f930472650a82629163023e630d160863fce524c616f4e5186e5de9d9a49b \
    --hash=sha256:811ff8e9c313ab425368bcbb36e5c4ebd7108c2bbf4e4089cfbb0b01eff63fac
pydantic-settings==2.14.2 \
    --hash=sha256:a20c97b37910b6550d5ea50fbcc2d4187defe58cd57070b73863d069419c9440
python-dotenv==1.2.2 \
    --hash=sha256:1d8214789a24de455a8b8bd8ae6fe3c6b69a5e3d64aa8a8e5d68e694bbcb285a
PyYAML==6.0.3 \
    --hash=sha256:34d5fcd24b8445fadc33f9cf348c1047101756fd760b4dacb5c3e99755703310 \
    --hash=sha256:c458b6d084f9b935061bc36216e8a69a7e293a2f1e68bf956dcd9e6cbcd143f5 \
    --hash=sha256:4a2e8cebe2ff6ab7d1050ecd59c25d4c8bd7e6f400f5f82b96557ac0abafd0ac
referencing==0.37.0 \
    --hash=sha256:381329a9f99628c9069361716891d34ad94af76e461dcb0335825aecc7692231
rfc3339-validator==0.1.4 \
    --hash=sha256:24f6ec1eda14ef823da9e36ec7113124b39c04d50a4d3d3a3c2859577e7791fa
rpds-py==2026.6.3 \
    --hash=sha256:d7469697dce35be237db177d42e2a2ee26e6dcc5fc052078a6fefabd288c6edd \
    --hash=sha256:dc319e5a1de4b6913aac94bf6a2f9e847371e0a140a43dd4991db1a09bc2d504 \
    --hash=sha256:0be972be84cfcaf46c8c6edf690ca0f154ac17babf1f6a955a51579b34ad2dc5
six==1.17.0 \
    --hash=sha256:4721f391ed90541fddacab5acf947aa0d3dc7d27b2e1e8eda2be8970586c3274
typing-extensions==4.16.0 \
    --hash=sha256:481caa481374e813c1b176ada14e97f1f67a4539ce9cfeb3f350d78d6370c2e8
typing-inspection==0.4.2 \
    --hash=sha256:4ed1cacbdc298c220f1bd249ed5287caa16f34d44ef4e9c3d0cbad5b521545e7
